// !$*UTF8*$!
{
	archiveVersion = 1;
	classes = {
	};
	objectVersion = 48;
	objects = {

/* Begin PBXBuildFile section */
		577CDC1F203E67D400937B5E /* AppDelegate.m in Sources */ = {isa = PBXBuildFile; fileRef = 577CDC1E203E67D400937B5E /* AppDelegate.m */; };
		577CDC22203E67D400937B5E /* ViewController.m in Sources */ = {isa = PBXBuildFile; fileRef = 577CDC21203E67D400937B5E /* ViewController.m */; };
		577CDC25203E67D400937B5E /* Main.storyboard in Resources */ = {isa = PBXBuildFile; fileRef = 577CDC23203E67D400937B5E /* Main.storyboard */; };
		577CDC28203E67D400937B5E /* MusicSearchChallenge.xcdatamodeld in Sources */ = {isa = PBXBuildFile; fileRef = 577CDC26203E67D400937B5E /* MusicSearchChallenge.xcdatamodeld */; };
		577CDC2A203E67D400937B5E /* Assets.xcassets in Resources */ = {isa = PBXBuildFile; fileRef = 577CDC29203E67D400937B5E /* Assets.xcassets */; };
		577CDC2D203E67D400937B5E /* LaunchScreen.storyboard in Resources */ = {isa = PBXBuildFile; fileRef = 577CDC2B203E67D400937B5E /* LaunchScreen.storyboard */; };
		577CDC30203E67D500937B5E /* main.m in Sources */ = {isa = PBXBuildFile; fileRef = 577CDC2F203E67D500937B5E /* main.m */; };
		577CDC39203E6FE600937B5E /* MusicResultsCell.m in Sources */ = {isa = PBXBuildFile; fileRef = 577CDC37203E6FE600937B5E /* MusicResultsCell.m */; };
		577CDC3A203E6FE600937B5E /* MusicResultsCell.xib in Resources */ = {isa = PBXBuildFile; fileRef = 577CDC38203E6FE600937B5E /* MusicResultsCell.xib */; };
		577CDC3D203EA44F00937B5E /* SearchController.m in Sources */ = {isa = PBXBuildFile; fileRef = 577CDC3C203EA44F00937B5E /* SearchController.m */; };
		577CDC40203F819A00937B5E /* Song.m in Sources */ = {isa = PBXBuildFile; fileRef = 577CDC3F203F819A00937B5E /* Song.m */; };
		577CDC43203FC7E100937B5E /* DetailsViewController.m in Sources */ = {isa = PBXBuildFile; fileRef = 577CDC42203FC7E100937B5E /* DetailsViewController.m */; };
/* End PBXBuildFile section */

/* Begin PBXFileReference section */
		577CDC1A203E67D400937B5E /* MusicSearchChallenge.app */ = {isa = PBXFileReference; explicitFileType = wrapper.application; includeInIndex = 0; path = MusicSearchChallenge.app; sourceTree = BUILT_PRODUCTS_DIR; };
		577CDC1D203E67D400937B5E /* AppDelegate.h */ = {isa = PBXFileReference; lastKnownFileType = sourcecode.c.h; path = AppDelegate.h; sourceTree = "<group>"; };
		577CDC1E203E67D400937B5E /* AppDelegate.m */ = {isa = PBXFileReference; lastKnownFileType = sourcecode.c.objc; path = AppDelegate.m; sourceTree = "<group>"; };
		577CDC20203E67D400937B5E /* ViewController.h */ = {isa = PBXFileReference; lastKnownFileType = sourcecode.c.h; path = ViewController.h; sourceTree = "<group>"; };
		577CDC21203E67D400937B5E /* ViewController.m */ = {isa = PBXFileReference; lastKnownFileType = sourcecode.c.objc; path = ViewController.m; sourceTree = "<group>"; };
		577CDC24203E67D400937B5E /* Base */ = {isa = PBXFileReference; lastKnownFileType = file.storyboard; name = Base; path = Base.lproj/Main.storyboard; sourceTree = "<group>"; };
		577CDC27203E67D400937B5E /* MusicSearchChallenge.xcdatamodel */ = {isa = PBXFileReference; lastKnownFileType = wrapper.xcdatamodel; path = MusicSearchChallenge.xcdatamodel; sourceTree = "<group>"; };
		577CDC29203E67D400937B5E /* Assets.xcassets */ = {isa = PBXFileReference; lastKnownFileType = folder.assetcatalog; path = Assets.xcassets; sourceTree = "<group>"; };
		577CDC2C203E67D400937B5E /* Base */ = {isa = PBXFileReference; lastKnownFileType = file.storyboard; name = Base; path = Base.lproj/LaunchScreen.storyboard; sourceTree = "<group>"; };
		577CDC2E203E67D400937B5E /* Info.plist */ = {isa = PBXFileReference; lastKnownFileType = text.plist.xml; path = Info.plist; sourceTree = "<group>"; };
		577CDC2F203E67D500937B5E /* main.m */ = {isa = PBXFileReference; lastKnownFileType = sourcecode.c.objc; path = main.m; sourceTree = "<group>"; };
		577CDC36203E6FE600937B5E /* MusicResultsCell.h */ = {isa = PBXFileReference; lastKnownFileType = sourcecode.c.h; path = MusicResultsCell.h; sourceTree = "<group>"; };
		577CDC37203E6FE600937B5E /* MusicResultsCell.m */ = {isa = PBXFileReference; lastKnownFileType = sourcecode.c.objc; path = MusicResultsCell.m; sourceTree = "<group>"; };
		577CDC38203E6FE600937B5E /* MusicResultsCell.xib */ = {isa = PBXFileReference; lastKnownFileType = file.xib; path = MusicResultsCell.xib; sourceTree = "<group>"; };
		577CDC3B203EA44F00937B5E /* SearchController.h */ = {isa = PBXFileReference; lastKnownFileType = sourcecode.c.h; path = SearchController.h; sourceTree = "<group>"; };
		577CDC3C203EA44F00937B5E /* SearchController.m */ = {isa = PBXFileReference; lastKnownFileType = sourcecode.c.objc; path = SearchController.m; sourceTree = "<group>"; };
		577CDC3E203F819A00937B5E /* Song.h */ = {isa = PBXFileReference; lastKnownFileType = sourcecode.c.h; path = Song.h; sourceTree = "<group>"; };
		577CDC3F203F819A00937B5E /* Song.m */ = {isa = PBXFileReference; lastKnownFileType = sourcecode.c.objc; path = Song.m; sourceTree = "<group>"; };
		577CDC41203FC7E100937B5E /* DetailsViewController.h */ = {isa = PBXFileReference; lastKnownFileType = sourcecode.c.h; path = DetailsViewController.h; sourceTree = "<group>"; };
		577CDC42203FC7E100937B5E /* DetailsViewController.m */ = {isa = PBXFileReference; lastKnownFileType = sourcecode.c.objc; path = DetailsViewController.m; sourceTree = "<group>"; };
/* End PBXFileReference section */

/* Begin PBXFrameworksBuildPhase section */
		577CDC17203E67D400937B5E /* Frameworks */ = {
			isa = PBXFrameworksBuildPhase;
			buildActionMask = 2147483647;
			files = (
			);
			runOnlyForDeploymentPostprocessing = 0;
		};
/* End PBXFrameworksBuildPhase section */

/* Begin PBXGroup section */
		577CDC11203E67D400937B5E = {
			isa = PBXGroup;
			children = (
				577CDC1C203E67D400937B5E /* MusicSearchChallenge */,
				577CDC1B203E67D400937B5E /* Products */,
			);
			sourceTree = "<group>";
		};
		577CDC1B203E67D400937B5E /* Products */ = {
			isa = PBXGroup;
			children = (
				577CDC1A203E67D400937B5E /* MusicSearchChallenge.app */,
			);
			name = Products;
			sourceTree = "<group>";
		};
		577CDC1C203E67D400937B5E /* MusicSearchChallenge */ = {
			isa = PBXGroup;
			children = (
				577CDC1D203E67D400937B5E /* AppDelegate.h */,
				577CDC1E203E67D400937B5E /* AppDelegate.m */,
				577CDC44203FC7EF00937B5E /* Model */,
				577CDC46203FC81A00937B5E /* ViewControllers */,
				577CDC45203FC7FE00937B5E /* Controller */,
				577CDC23203E67D400937B5E /* Main.storyboard */,
				577CDC29203E67D400937B5E /* Assets.xcassets */,
				577CDC2B203E67D400937B5E /* LaunchScreen.storyboard */,
				577CDC2E203E67D400937B5E /* Info.plist */,
				577CDC2F203E67D500937B5E /* main.m */,
				577CDC26203E67D400937B5E /* MusicSearchChallenge.xcdatamodeld */,
			);
			path = MusicSearchChallenge;
			sourceTree = "<group>";
		};
		577CDC44203FC7EF00937B5E /* Model */ = {
			isa = PBXGroup;
			children = (
				577CDC3E203F819A00937B5E /* Song.h */,
				577CDC3F203F819A00937B5E /* Song.m */,
			);
			path = Model;
			sourceTree = "<group>";
		};
		577CDC45203FC7FE00937B5E /* Controller */ = {
			isa = PBXGroup;
			children = (
				577CDC3B203EA44F00937B5E /* SearchController.h */,
				577CDC3C203EA44F00937B5E /* SearchController.m */,
			);
			path = Controller;
			sourceTree = "<group>";
		};
		577CDC46203FC81A00937B5E /* ViewControllers */ = {
			isa = PBXGroup;
			children = (
				577CDC36203E6FE600937B5E /* MusicResultsCell.h */,
				577CDC37203E6FE600937B5E /* MusicResultsCell.m */,
				577CDC38203E6FE600937B5E /* MusicResultsCell.xib */,
				577CDC41203FC7E100937B5E /* DetailsViewController.h */,
				577CDC42203FC7E100937B5E /* DetailsViewController.m */,
				577CDC20203E67D400937B5E /* ViewController.h */,
				577CDC21203E67D400937B5E /* ViewController.m */,
			);
			path = ViewControllers;
			sourceTree = "<group>";
		};
/* End PBXGroup section */

/* Begin PBXNativeTarget section */
		577CDC19203E67D400937B5E /* MusicSearchChallenge */ = {
			isa = PBXNativeTarget;
			buildConfigurationList = 577CDC33203E67D500937B5E /* Build configuration list for PBXNativeTarget "MusicSearchChallenge" */;
			buildPhases = (
				577CDC16203E67D400937B5E /* Sources */,
				577CDC17203E67D400937B5E /* Frameworks */,
				577CDC18203E67D400937B5E /* Resources */,
			);
			buildRules = (
			);
			dependencies = (
			);
			name = MusicSearchChallenge;
			productName = MusicSearchChallenge;
			productReference = 577CDC1A203E67D400937B5E /* MusicSearchChallenge.app */;
			productType = "com.apple.product-type.application";
		};
/* End PBXNativeTarget section */

/* Begin PBXProject section */
		577CDC12203E67D400937B5E /* Project object */ = {
			isa = PBXProject;
			attributes = {
				LastUpgradeCheck = 0920;
				ORGANIZATIONNAME = vDub;
				TargetAttributes = {
					577CDC19203E67D400937B5E = {
						CreatedOnToolsVersion = 9.2;
						ProvisioningStyle = Automatic;
					};
				};
			};
			buildConfigurationList = 577CDC15203E67D400937B5E /* Build configuration list for PBXProject "MusicSearchChallenge" */;
			compatibilityVersion = "Xcode 8.0";
			developmentRegion = en;
			hasScannedForEncodings = 0;
			knownRegions = (
				en,
				Base,
			);
			mainGroup = 577CDC11203E67D400937B5E;
			productRefGroup = 577CDC1B203E67D400937B5E /* Products */;
			projectDirPath = "";
			projectRoot = "";
			targets = (
				577CDC19203E67D400937B5E /* MusicSearchChallenge */,
			);
		};
/* End PBXProject section */

/* Begin PBXResourcesBuildPhase section */
		577CDC18203E67D400937B5E /* Resources */ = {
			isa = PBXResourcesBuildPhase;
			buildActionMask = 2147483647;
			files = (
				577CDC3A203E6FE600937B5E /* MusicResultsCell.xib in Resources */,
				577CDC2D203E67D400937B5E /* LaunchScreen.storyboard in Resources */,
				577CDC2A203E67D400937B5E /* Assets.xcassets in Resources */,
				577CDC25203E67D400937B5E /* Main.storyboard in Resources */,
			);
			runOnlyForDeploymentPostprocessing = 0;
		};
/* End PBXResourcesBuildPhase section */

/* Begin PBXSourcesBuildPhase section */
		577CDC16203E67D400937B5E /* Sources */ = {
			isa = PBXSourcesBuildPhase;
			buildActionMask = 2147483647;
			files = (
				577CDC40203F819A00937B5E /* Song.m in Sources */,
				577CDC22203E67D400937B5E /* ViewController.m in Sources */,
				577CDC1F203E67D400937B5E /* AppDelegate.m in Sources */,
				577CDC30203E67D500937B5E /* main.m in Sources */,
				577CDC3D203EA44F00937B5E /* SearchController.m in Sources */,
				577CDC28203E67D400937B5E /* MusicSearchChallenge.xcdatamodeld in Sources */,
				577CDC39203E6FE600937B5E /* MusicResultsCell.m in Sources */,
				577CDC43203FC7E100937B5E /* DetailsViewController.m in Sources */,
			);
			runOnlyForDeploymentPostprocessing = 0;
		};
/* End PBXSourcesBuildPhase section */

/* Begin PBXVariantGroup section */
		577CDC23203E67D400937B5E /* Main.storyboard */ = {
			isa = PBXVariantGroup;
			children = (
				577CDC24203E67D400937B5E /* Base */,
			);
			name = Main.storyboard;
			sourceTree = "<group>";
		};
		577CDC2B203E67D400937B5E /* LaunchScreen.storyboard */ = {
			isa = PBXVariantGroup;
			children = (
				577CDC2C203E67D400937B5E /* Base */,
			);
			name = LaunchScreen.storyboard;
			sourceTree = "<group>";
		};
/* End PBXVariantGroup section */

/* Begin XCBuildConfiguration section */
		577CDC31203E67D500937B5E /* Debug */ = {
			isa = XCBuildConfiguration;
			buildSettings = {
				ALWAYS_SEARCH_USER_PATHS = NO;
				CLANG_ANALYZER_NONNULL = YES;
				CLANG_ANALYZER_NUMBER_OBJECT_CONVERSION = YES_AGGRESSIVE;
				CLANG_CXX_LANGUAGE_STANDARD = "gnu++14";
				CLANG_CXX_LIBRARY = "libc++";
				CLANG_ENABLE_MODULES = YES;
				CLANG_ENABLE_OBJC_ARC = YES;
				CLANG_WARN_BLOCK_CAPTURE_AUTORELEASING = YES;
				CLANG_WARN_BOOL_CONVERSION = YES;
				CLANG_WARN_COMMA = YES;
				CLANG_WARN_CONSTANT_CONVERSION = YES;
				CLANG_WARN_DIRECT_OBJC_ISA_USAGE = YES_ERROR;
				CLANG_WARN_DOCUMENTATION_COMMENTS = YES;
				CLANG_WARN_EMPTY_BODY = YES;
				CLANG_WARN_ENUM_CONVERSION = YES;
				CLANG_WARN_INFINITE_RECURSION = YES;
				CLANG_WARN_INT_CONVERSION = YES;
				CLANG_WARN_NON_LITERAL_NULL_CONVERSION = YES;
				CLANG_WARN_OBJC_LITERAL_CONVERSION = YES;
				CLANG_WARN_OBJC_ROOT_CLASS = YES_ERROR;
				CLANG_WARN_RANGE_LOOP_ANALYSIS = YES;
				CLANG_WARN_STRICT_PROTOTYPES = YES;
				CLANG_WARN_SUSPICIOUS_MOVE = YES;
				CLANG_WARN_UNGUARDED_AVAILABILITY = YES_AGGRESSIVE;
				CLANG_WARN_UNREACHABLE_CODE = YES;
				CLANG_WARN__DUPLICATE_METHOD_MATCH = YES;
				CODE_SIGN_IDENTITY = "iPhone Developer";
				COPY_PHASE_STRIP = NO;
				DEBUG_INFORMATION_FORMAT = dwarf;
				ENABLE_STRICT_OBJC_MSGSEND = YES;
				ENABLE_TESTABILITY = YES;
				GCC_C_LANGUAGE_STANDARD = gnu11;
				GCC_DYNAMIC_NO_PIC = NO;
				GCC_NO_COMMON_BLOCKS = YES;
				GCC_OPTIMIZATION_LEVEL = 0;
				GCC_PREPROCESSOR_DEFINITIONS = (
					"DEBUG=1",
					"$(inherited)",
				);
				GCC_WARN_64_TO_32_BIT_CONVERSION = YES;
				GCC_WARN_ABOUT_RETURN_TYPE = YES_ERROR;
				GCC_WARN_UNDECLARED_SELECTOR = YES;
				GCC_WARN_UNINITIALIZED_AUTOS = YES_AGGRESSIVE;
				GCC_WARN_UNUSED_FUNCTION = YES;
				GCC_WARN_UNUSED_VARIABLE = YES;
				IPHONEOS_DEPLOYMENT_TARGET = 11.2;
				MTL_ENABLE_DEBUG_INFO = YES;
				ONLY_ACTIVE_ARCH = YES;
				SDKROOT = iphoneos;
			};
			name = Debug;
		};
		577CDC32203E67D500937B5E /* Release */ = {
			isa = XCBuildConfiguration;
			buildSettings = {
				ALWAYS_SEARCH_USER_PATHS = NO;
				CLANG_ANALYZER_NONNULL = YES;
				CLANG_ANALYZER_NUMBER_OBJECT_CONVERSION = YES_AGGRESSIVE;
				CLANG_CXX_LANGUAGE_STANDARD = "gnu++14";
				CLANG_CXX_LIBRARY = "libc++";
				CLANG_ENABLE_MODULES = YES;
				CLANG_ENABLE_OBJC_ARC = YES;
				CLANG_WARN_BLOCK_CAPTURE_AUTORELEASING = YES;
				CLANG_WARN_BOOL_CONVERSION = YES;
				CLANG_WARN_COMMA = YES;
				CLANG_WARN_CONSTANT_CONVERSION = YES;
				CLANG_WARN_DIRECT_OBJC_ISA_USAGE = YES_ERROR;
				CLANG_WARN_DOCUMENTATION_COMMENTS = YES;
				CLANG_WARN_EMPTY_BODY = YES;
				CLANG_WARN_ENUM_CONVERSION = YES;
				CLANG_WARN_INFINITE_RECURSION = YES;
				CLANG_WARN_INT_CONVERSION = YES;
				CLANG_WARN_NON_LITERAL_NULL_CONVERSION = YES;
				CLANG_WARN_OBJC_LITERAL_CONVERSION = YES;
				CLANG_WARN_OBJC_ROOT_CLASS = YES_ERROR;
				CLANG_WARN_RANGE_LOOP_ANALYSIS = YES;
				CLANG_WARN_STRICT_PROTOTYPES = YES;
				CLANG_WARN_SUSPICIOUS_MOVE = YES;
				CLANG_WARN_UNGUARDED_AVAILABILITY = YES_AGGRESSIVE;
				CLANG_WARN_UNREACHABLE_CODE = YES;
				CLANG_WARN__DUPLICATE_METHOD_MATCH = YES;
				CODE_SIGN_IDENTITY = "iPhone Developer";
				COPY_PHASE_STRIP = NO;
				DEBUG_INFORMATION_FORMAT = "dwarf-with-dsym";
				ENABLE_NS_ASSERTIONS = NO;
				ENABLE_STRICT_OBJC_MSGSEND = YES;
				GCC_C_LANGUAGE_STANDARD = gnu11;
				GCC_NO_COMMON_BLOCKS = YES;
				GCC_WARN_64_TO_32_BIT_CONVERSION = YES;
				GCC_WARN_ABOUT_RETURN_TYPE = YES_ERROR;
				GCC_WARN_UNDECLARED_SELECTOR = YES;
				GCC_WARN_UNINITIALIZED_AUTOS = YES_AGGRESSIVE;
				GCC_WARN_UNUSED_FUNCTION = YES;
				GCC_WARN_UNUSED_VARIABLE = YES;
				IPHONEOS_DEPLOYMENT_TARGET = 11.2;
				MTL_ENABLE_DEBUG_INFO = NO;
				SDKROOT = iphoneos;
				VALIDATE_PRODUCT = YES;
			};
			name = Release;
		};
		577CDC34203E67D500937B5E /* Debug */ = {
			isa = XCBuildConfiguration;
			buildSettings = {
				ASSETCATALOG_COMPILER_APPICON_NAME = AppIcon;
				CODE_SIGN_STYLE = Automatic;
				INFOPLIST_FILE = MusicSearchChallenge/Info.plist;
				LD_RUNPATH_SEARCH_PATHS = "$(inherited) @executable_path/Frameworks";
				PRODUCT_BUNDLE_IDENTIFIER = vDub.MusicSearchChallenge;
				PRODUCT_NAME = "$(TARGET_NAME)";
				TARGETED_DEVICE_FAMILY = "1,2";
			};
			name = Debug;
		};
		577CDC35203E67D500937B5E /* Release */ = {
			isa = XCBuildConfiguration;
			buildSettings = {
				ASSETCATALOG_COMPILER_APPICON_NAME = AppIcon;
				CODE_SIGN_STYLE = Automatic;
				INFOPLIST_FILE = MusicSearchChallenge/Info.plist;
				LD_RUNPATH_SEARCH_PATHS = "$(inherited) @executable_path/Frameworks";
				PRODUCT_BUNDLE_IDENTIFIER = vDub.MusicSearchChallenge;
				PRODUCT_NAME = "$(TARGET_NAME)";
				TARGETED_DEVICE_FAMILY = "1,2";
			};
			name = Release;
		};
/* End XCBuildConfiguration section */

/* Begin XCConfigurationList section */
		577CDC15203E67D400937B5E /* Build configuration list for PBXProject "MusicSearchChallenge" */ = {
			isa = XCConfigurationList;
			buildConfigurations = (
				577CDC31203E67D500937B5E /* Debug */,
				577CDC32203E67D500937B5E /* Release */,
			);
			defaultConfigurationIsVisible = 0;
			defaultConfigurationName = Release;
		};
		577CDC33203E67D500937B5E /* Build configuration list for PBXNativeTarget "MusicSearchChallenge" */ = {
			isa = XCConfigurationList;
			buildConfigurations = (
				577CDC34203E67D500937B5E /* Debug */,
				577CDC35203E67D500937B5E /* Release */,
			);
			defaultConfigurationIsVisible = 0;
			defaultConfigurationName = Release;
		};
/* End XCConfigurationList section */

/* Begin XCVersionGroup section */
		577CDC26203E67D400937B5E /* MusicSearchChallenge.xcdatamodeld */ = {
			isa = XCVersionGroup;
			children = (
				577CDC27203E67D400937B5E /* MusicSearchChallenge.xcdatamodel */,
			);
			currentVersion = 577CDC27203E67D400937B5E /* MusicSearchChallenge.xcdatamodel */;
			path = MusicSearchChallenge.xcdatamodeld;
			sourceTree = "<group>";
			versionGroupType = wrapper.xcdatamodel;
		};
/* End XCVersionGroup section */
	};
	rootObject = 577CDC12203E67D400937B5E /* Project object */;
}
